// !$*UTF8*$!
{
	archiveVersion = 1;
	classes = {
	};
	objectVersion = 70;
	objects = {

/* Begin PBXBuildFile section */
		2839C1E52F46795E0012726E /* RoomPlan.framework in Frameworks */ = {isa = PBXBuildFile; fileRef = 2839C1E42F46795E0012726E /* RoomPlan.framework */; };
		EBB43AFC2F86138700BE850A /* FirebaseAuth in Frameworks */ = {isa = PBXBuildFile; productRef = EBB43AFB2F86138700BE850A /* FirebaseAuth */; };
		EBB43AFE2F86138700BE850A /* FirebaseCore in Frameworks */ = {isa = PBXBuildFile; productRef = EBB43AFD2F86138700BE850A /* FirebaseCore */; };
		EBB43B002F86138700BE850A /* FirebaseCrashlytics in Frameworks */ = {isa = PBXBuildFile; productRef = EBB43AFF2F86138700BE850A /* FirebaseCrashlytics */; };
		T1B2C3D4E5F6000000000001 /* NexGenSpecTests.swift in Sources */ = {isa = PBXBuildFile; fileRef = T1B2C3D4E5F6000000000002 /* NexGenSpecTests.swift */; };
/* End PBXBuildFile section */

/* Begin PBXContainerItemProxy section */
		T1B2C3D4E5F6000000000003 /* PBXContainerItemProxy */ = {
			isa = PBXContainerItemProxy;
			containerPortal = A1B2C3D4E5F6000000000010 /* Project object */;
			proxyType = 1;
			remoteGlobalIDString = A1B2C3D4E5F6000000000006;
			remoteInfo = NexGenSpec;
		};
/* End PBXContainerItemProxy section */

/* Begin PBXFileReference section */
		C4D5E6F7A8B90C1D2E3F4A5B /* PrivacyInfo.xcprivacy */ = {isa = PBXFileReference; lastKnownFileType = text.xml; path = NexGenSpec/PrivacyInfo.xcprivacy; sourceTree = "<group>"; };
		2839C1E42F46795E0012726E /* RoomPlan.framework */ = {isa = PBXFileReference; lastKnownFileType = wrapper.framework; name = RoomPlan.framework; path = System/Library/Frameworks/RoomPlan.framework; sourceTree = SDKROOT; };
		A1B2C3D4E5F6000000000001 /* NexGenSpec.app */ = {isa = PBXFileReference; explicitFileType = wrapper.application; includeInIndex = 0; path = NexGenSpec.app; sourceTree = BUILT_PRODUCTS_DIR; };
		T1B2C3D4E5F6000000000002 /* NexGenSpecTests.swift */ = {isa = PBXFileReference; lastKnownFileType = sourcecode.swift; path = NexGenSpecTests.swift; sourceTree = "<group>"; };
		T1B2C3D4E5F6000000000004 /* NexGenSpecTests.xctest */ = {isa = PBXFileReference; explicitFileType = wrapper.cfbundle; includeInIndex = 0; path = NexGenSpecTests.xctest; sourceTree = BUILT_PRODUCTS_DIR; };
/* End PBXFileReference section */

/* Begin PBXFileSystemSynchronizedBuildFileExceptionSet section */
		28DA665C2F511C1E009B8642 /* PBXFileSystemSynchronizedBuildFileExceptionSet */ = {
			isa = PBXFileSystemSynchronizedBuildFileExceptionSet;
			membershipExceptions = (
				Info.plist,
				NexGenSpecTests.swift,
				NexGenSpecUITests.swift,
			);
			target = A1B2C3D4E5F6000000000006 /* NexGenSpec */;
		};
/* End PBXFileSystemSynchronizedBuildFileExceptionSet section */

/* Begin PBXFileSystemSynchronizedRootGroup section */
		A1B2C3D4E5F6000000000002 /* NexGenSpec */ = {isa = PBXFileSystemSynchronizedRootGroup; exceptions = (28DA665C2F511C1E009B8642 /* PBXFileSystemSynchronizedBuildFileExceptionSet */, ); explicitFileTypes = {}; explicitFolders = (); path = NexGenSpec; sourceTree = "<group>"; };
/* End PBXFileSystemSynchronizedRootGroup section */

/* Begin PBXFrameworksBuildPhase section */
		A1B2C3D4E5F6000000000003 /* Frameworks */ = {
			isa = PBXFrameworksBuildPhase;
			buildActionMask = 2147483647;
			files = (
				2839C1E52F46795E0012726E /* RoomPlan.framework in Frameworks */,
				EBB43AFE2F86138700BE850A /* FirebaseCore in Frameworks */,
				EBB43AFC2F86138700BE850A /* FirebaseAuth in Frameworks */,
				EBB43B002F86138700BE850A /* FirebaseCrashlytics in Frameworks */,
			);
			runOnlyForDeploymentPostprocessing = 0;
		};
		T1B2C3D4E5F6000000000009 /* Frameworks */ = {
			isa = PBXFrameworksBuildPhase;
			buildActionMask = 2147483647;
			files = (
			);
			runOnlyForDeploymentPostprocessing = 0;
		};
/* End PBXFrameworksBuildPhase section */

/* Begin PBXGroup section */
		2839C1E32F46795D0012726E /* Frameworks */ = {
			isa = PBXGroup;
			children = (
				2839C1E42F46795E0012726E /* RoomPlan.framework */,
			);
			name = Frameworks;
			sourceTree = "<group>";
		};
		A1B2C3D4E5F6000000000004 = {
			isa = PBXGroup;
			children = (
				C4D5E6F7A8B90C1D2E3F4A5B /* PrivacyInfo.xcprivacy */,
				A1B2C3D4E5F6000000000002 /* NexGenSpec */,
				T1B2C3D4E5F6000000000005 /* NexGenSpecTests */,
				2839C1E32F46795D0012726E /* Frameworks */,
				A1B2C3D4E5F6000000000005 /* Products */,
			);
			sourceTree = "<group>";
		};
		A1B2C3D4E5F6000000000005 /* Products */ = {
			isa = PBXGroup;
			children = (
				A1B2C3D4E5F6000000000001 /* NexGenSpec.app */,
				T1B2C3D4E5F6000000000004 /* NexGenSpecTests.xctest */,
			);
			name = Products;
			sourceTree = "<group>";
		};
		T1B2C3D4E5F6000000000005 /* NexGenSpecTests */ = {
			isa = PBXGroup;
			children = (
				T1B2C3D4E5F6000000000002 /* NexGenSpecTests.swift */,
			);
			path = NexGenSpecTests;
			sourceTree = "<group>";
		};
/* End PBXGroup section */

/* Begin PBXNativeTarget section */
		A1B2C3D4E5F6000000000006 /* NexGenSpec */ = {
			isa = PBXNativeTarget;
			buildConfigurationList = A1B2C3D4E5F6000000000007 /* Build configuration list for PBXNativeTarget "NexGenSpec" */;
			buildPhases = (
				A1B2C3D4E5F6000000000008 /* Sources */,
				A1B2C3D4E5F6000000000003 /* Frameworks */,
				A1B2C3D4E5F6000000000009 /* Resources */,
				EBB440FB2F89BCE100BE850A /* Upload Crashlytics dSYMs */,
			);
			buildRules = (
			);
			dependencies = (
			);
			fileSystemSynchronizedGroups = (
				A1B2C3D4E5F6000000000002 /* NexGenSpec */,
			);
			name = NexGenSpec;
			productName = NexGenSpec;
			productReference = A1B2C3D4E5F6000000000001 /* NexGenSpec.app */;
			productType = "com.apple.product-type.application";
		};
		T1B2C3D4E5F6000000000006 /* NexGenSpecTests */ = {
			isa = PBXNativeTarget;
			buildConfigurationList = T1B2C3D4E5F6000000000007 /* Build configuration list for PBXNativeTarget "NexGenSpecTests" */;
			buildPhases = (
				T1B2C3D4E5F6000000000008 /* Sources */,
				T1B2C3D4E5F6000000000009 /* Frameworks */,
			);
			buildRules = (
			);
			dependencies = (
				T1B2C3D4E5F600000000000A /* PBXTargetDependency */,
			);
			name = NexGenSpecTests;
			productName = NexGenSpecTests;
			productReference = T1B2C3D4E5F6000000000004 /* NexGenSpecTests.xctest */;
			productType = "com.apple.product-type.bundle.unit-test";
		};
/* End PBXNativeTarget section */

/* Begin PBXProject section */
		A1B2C3D4E5F6000000000010 /* Project object */ = {
			isa = PBXProject;
			attributes = {
				BuildIndependentTargetsInParallel = 1;
				LastSwiftUpdateCheck = 1500;
				LastUpgradeCheck = 2640;
				TargetAttributes = {
					A1B2C3D4E5F6000000000006 = {
						CreatedOnToolsVersion = 15.0;
					};
				};
			};
			buildConfigurationList = A1B2C3D4E5F6000000000011 /* Build configuration list for PBXProject "NexGenSpec" */;
			compatibilityVersion = "Xcode 14.0";
			developmentRegion = en;
			hasScannedForEncodings = 0;
			knownRegions = (
				en,
				Base,
			);
			mainGroup = A1B2C3D4E5F6000000000004;
			packageReferences = (
				EBB43AFA2F86138700BE850A /* XCRemoteSwiftPackageReference "firebase-ios-sdk" */,
			);
			productRefGroup = A1B2C3D4E5F6000000000005 /* Products */;
			projectDirPath = "";
			projectRoot = "";
			targets = (
				A1B2C3D4E5F6000000000006 /* NexGenSpec */,
				T1B2C3D4E5F6000000000006 /* NexGenSpecTests */,
			);
		};
/* End PBXProject section */

/* Begin PBXResourcesBuildPhase section */
		A1B2C3D4E5F6000000000009 /* Resources */ = {
			isa = PBXResourcesBuildPhase;
			buildActionMask = 2147483647;
			files = (
			);
			runOnlyForDeploymentPostprocessing = 0;
		};
/* End PBXResourcesBuildPhase section */

/* Begin PBXShellScriptBuildPhase section */
		EBB440FB2F89BCE100BE850A /* Upload Crashlytics dSYMs */ = {
			isa = PBXShellScriptBuildPhase;
			alwaysOutOfDate = 1;
			buildActionMask = 2147483647;
			files = (
			);
			inputFileListPaths = (
			);
			inputPaths = (
			);
			name = "Upload Crashlytics dSYMs";
			outputFileListPaths = (
			);
			outputPaths = (
			);
			runOnlyForDeploymentPostprocessing = 0;
			shellPath = /bin/sh;
			shellScript = "# Skip dSYM upload in simulator builds\nif [ \"$EFFECTIVE_PLATFORM_NAME\" = \"-iphonesimulator\" ]; then\n  echo \"Skipping Crashlytics dSYM upload for simulator build.\"\n  exit 0\nfi\n\n\"${BUILD_DIR%/Build/*}/SourcePackages/checkouts/firebase-ios-sdk/Crashlytics/upload-symbols\" -gsp \"${SRCROOT}/NexGenSpec/GoogleService-Info.plist\" -p ios \"${DWARF_DSYM_FOLDER_PATH}/${DWARF_DSYM_FILE_NAME}\" || echo \"warning: dSYM upload skipped\"\n";
		};
/* End PBXShellScriptBuildPhase section */

/* Begin PBXSourcesBuildPhase section */
		A1B2C3D4E5F6000000000008 /* Sources */ = {
			isa = PBXSourcesBuildPhase;
			buildActionMask = 2147483647;
			files = (
			);
			runOnlyForDeploymentPostprocessing = 0;
		};
		T1B2C3D4E5F6000000000008 /* Sources */ = {
			isa = PBXSourcesBuildPhase;
			buildActionMask = 2147483647;
			files = (
				T1B2C3D4E5F6000000000001 /* NexGenSpecTests.swift in Sources */,
			);
			runOnlyForDeploymentPostprocessing = 0;
		};
/* End PBXSourcesBuildPhase section */

/* Begin PBXTargetDependency section */
		T1B2C3D4E5F600000000000A /* PBXTargetDependency */ = {
			isa = PBXTargetDependency;
			target = A1B2C3D4E5F6000000000006 /* NexGenSpec */;
			targetProxy = T1B2C3D4E5F6000000000003 /* PBXContainerItemProxy */;
		};
/* End PBXTargetDependency section */

/* Begin XCBuildConfiguration section */
		A1B2C3D4E5F6000000000012 /* Debug */ = {
			isa = XCBuildConfiguration;
			buildSettings = {
				ALWAYS_SEARCH_USER_PATHS = NO;
				ASSETCATALOG_COMPILER_GENERATE_SWIFT_ASSET_SYMBOL_EXTENSIONS = YES;
				CLANG_ANALYZER_NONNULL = YES;
				CLANG_ANALYZER_NUMBER_OBJECT_CONVERSION = YES_AGGRESSIVE;
				CLANG_CXX_LANGUAGE_STANDARD = "gnu++20";
				CLANG_ENABLE_MODULES = YES;
				CLANG_ENABLE_OBJC_ARC = YES;
				CLANG_WARN_BLOCK_CAPTURE_AUTORELEASING = YES;
				CLANG_WARN_BOOL_CONVERSION = YES;
				CLANG_WARN_COMMA = YES;
				CLANG_WARN_CONSTANT_CONVERSION = YES;
				CLANG_WARN_DEPRECATED_OBJC_IMPLEMENTATIONS = YES;
				CLANG_WARN_EMPTY_BODY = YES;
				CLANG_WARN_ENUM_CONVERSION = YES;
				CLANG_WARN_INFINITE_RECURSION = YES;
				CLANG_WARN_INT_CONVERSION = YES;
				CLANG_WARN_NON_LITERAL_NULL_CONVERSION = YES;
				CLANG_WARN_OBJC_IMPLICIT_RETAIN_SELF = YES;
				CLANG_WARN_OBJC_LITERAL_CONVERSION = YES;
				CLANG_WARN_QUOTED_INCLUDE_IN_FRAMEWORK_HEADER = YES;
				CLANG_WARN_RANGE_LOOP_ANALYSIS = YES;
				CLANG_WARN_STRICT_PROTOTYPES = YES;
				CLANG_WARN_SUSPICIOUS_MOVE = YES;
				CLANG_WARN_UNREACHABLE_CODE = YES;
				CLANG_WARN__DUPLICATE_METHOD_MATCH = YES;
				COPY_PHASE_STRIP = NO;
				DEBUG_INFORMATION_FORMAT = dwarf;
				DEVELOPMENT_TEAM = CPTLCQYSJJ;
				ENABLE_STRICT_OBJC_MSGSEND = YES;
				ENABLE_TESTABILITY = YES;
				ENABLE_USER_SCRIPT_SANDBOXING = YES;
				GCC_C_LANGUAGE_STANDARD = gnu17;
				GCC_DYNAMIC_NO_PIC = NO;
				GCC_OPTIMIZATION_LEVEL = 0;
				GCC_PREPROCESSOR_DEFINITIONS = (
					"DEBUG=1",
					"$(inherited)",
				);
				GCC_WARN_64_TO_32_BIT_CONVERSION = YES;
				GCC_WARN_ABOUT_RETURN_TYPE = YES;
				GCC_WARN_UNDECLARED_SELECTOR = YES;
				GCC_WARN_UNINITIALIZED_AUTOS = YES;
				GCC_WARN_UNUSED_FUNCTION = YES;
				GCC_WARN_UNUSED_VARIABLE = YES;
				IPHONEOS_DEPLOYMENT_TARGET = 17.0;
				MTL_ENABLE_DEBUG_INFO = INCLUDE_SOURCE;
				ONLY_ACTIVE_ARCH = YES;
				SDKROOT = iphoneos;
				STRING_CATALOG_GENERATE_SYMBOLS = YES;
				SWIFT_ACTIVE_COMPILATION_CONDITIONS = "DEBUG $(inherited)";
				SWIFT_OPTIMIZATION_LEVEL = "-Onone";
			};
			name = Debug;
		};
		A1B2C3D4E5F6000000000013 /* Release */ = {
			isa = XCBuildConfiguration;
			buildSettings = {
				ALWAYS_SEARCH_USER_PATHS = NO;
				ASSETCATALOG_COMPILER_GENERATE_SWIFT_ASSET_SYMBOL_EXTENSIONS = YES;
				CLANG_ANALYZER_NONNULL = YES;
				CLANG_ANALYZER_NUMBER_OBJECT_CONVERSION = YES_AGGRESSIVE;
				CLANG_CXX_LANGUAGE_STANDARD = "gnu++20";
				CLANG_ENABLE_MODULES = YES;
				CLANG_ENABLE_OBJC_ARC = YES;
				CLANG_WARN_BLOCK_CAPTURE_AUTORELEASING = YES;
				CLANG_WARN_BOOL_CONVERSION = YES;
				CLANG_WARN_COMMA = YES;
				CLANG_WARN_CONSTANT_CONVERSION = YES;
				CLANG_WARN_DEPRECATED_OBJC_IMPLEMENTATIONS = YES;
				CLANG_WARN_EMPTY_BODY = YES;
				CLANG_WARN_ENUM_CONVERSION = YES;
				CLANG_WARN_INFINITE_RECURSION = YES;
				CLANG_WARN_INT_CONVERSION = YES;
				CLANG_WARN_NON_LITERAL_NULL_CONVERSION = YES;
				CLANG_WARN_OBJC_IMPLICIT_RETAIN_SELF = YES;
				CLANG_WARN_OBJC_LITERAL_CONVERSION = YES;
				CLANG_WARN_QUOTED_INCLUDE_IN_FRAMEWORK_HEADER = YES;
				CLANG_WARN_RANGE_LOOP_ANALYSIS = YES;
				CLANG_WARN_STRICT_PROTOTYPES = YES;
				CLANG_WARN_SUSPICIOUS_MOVE = YES;
				CLANG_WARN_UNREACHABLE_CODE = YES;
				CLANG_WARN__DUPLICATE_METHOD_MATCH = YES;
				COPY_PHASE_STRIP = NO;
				DEBUG_INFORMATION_FORMAT = "dwarf-with-dsym";
				DEVELOPMENT_TEAM = CPTLCQYSJJ;
				ENABLE_NS_ASSERTIONS = NO;
				ENABLE_STRICT_OBJC_MSGSEND = YES;
				ENABLE_USER_SCRIPT_SANDBOXING = YES;
				GCC_C_LANGUAGE_STANDARD = gnu17;
				GCC_NO_COMMON_BLOCKS = YES;
				GCC_WARN_64_TO_32_BIT_CONVERSION = YES;
				GCC_WARN_ABOUT_RETURN_TYPE = YES;
				GCC_WARN_UNDECLARED_SELECTOR = YES;
				GCC_WARN_UNINITIALIZED_AUTOS = YES;
				GCC_WARN_UNUSED_FUNCTION = YES;
				GCC_WARN_UNUSED_VARIABLE = YES;
				IPHONEOS_DEPLOYMENT_TARGET = 17.0;
				MTL_ENABLE_DEBUG_INFO = NO;
				SDKROOT = iphoneos;
				STRING_CATALOG_GENERATE_SYMBOLS = YES;
				SWIFT_COMPILATION_MODE = wholemodule;
				VALIDATE_PRODUCT = YES;
			};
			name = Release;
		};
		A1B2C3D4E5F6000000000014 /* Debug */ = {
			isa = XCBuildConfiguration;
			buildSettings = {
				ASSETCATALOG_COMPILER_APPICON_NAME = AppIcon;
				ASSETCATALOG_COMPILER_GLOBAL_ACCENT_COLOR_NAME = AccentColor;
				CODE_SIGN_ENTITLEMENTS = NexGenSpec/NexGenSpec.entitlements;
				CODE_SIGN_STYLE = Automatic;
				CURRENT_PROJECT_VERSION = 3;
				DEVELOPMENT_ASSET_PATHS = "";
				ENABLE_PREVIEWS = YES;
				GENERATE_INFOPLIST_FILE = YES;
				INFOPLIST_FILE = NexGenSpec/Info.plist;
				INFOPLIST_KEY_CFBundleDisplayName = NexGenSpec;
				INFOPLIST_KEY_CFBundleIconName = AppIcon;
				INFOPLIST_KEY_NSCameraUsageDescription = "NexGenSpec uses the camera to capture inspection photos and to scan rooms with LiDAR.";
				INFOPLIST_KEY_NSMicrophoneUsageDescription = "NexGenSpec uses the microphone for hands-free voice commands and inspection note dictation.";
				INFOPLIST_KEY_NSPhotoLibraryUsageDescription = "NexGenSpec needs access to your photo library to attach photos to inspection items.";
				INFOPLIST_KEY_NSSpeechRecognitionUsageDescription = "NexGenSpec uses speech recognition for hands-free voice commands and inspection note dictation.";
				INFOPLIST_KEY_UIApplicationSceneManifest_Generation = YES;
				INFOPLIST_KEY_UIApplicationSupportsIndirectInputEvents = YES;
				INFOPLIST_KEY_UISupportedInterfaceOrientations_iPad = "UIInterfaceOrientationPortrait UIInterfaceOrientationPortraitUpsideDown UIInterfaceOrientationLandscapeLeft UIInterfaceOrientationLandscapeRight";
				INFOPLIST_KEY_UISupportedInterfaceOrientations_iPhone = "UIInterfaceOrientationPortrait UIInterfaceOrientationLandscapeLeft UIInterfaceOrientationLandscapeRight";
				IPHONEOS_DEPLOYMENT_TARGET = 17.0;
				LD_RUNPATH_SEARCH_PATHS = (
					"$(inherited)",
					"@executable_path/Frameworks",
				);
				MARKETING_VERSION = 1.0.0;
				PRODUCT_BUNDLE_IDENTIFIER = com.nexgenspec.app;
				PRODUCT_NAME = "$(TARGET_NAME)";
				SWIFT_EMIT_LOC_STRINGS = YES;
				SWIFT_VERSION = 5.0;
				TARGETED_DEVICE_FAMILY = "1,2";
			};
			name = Debug;
		};
		A1B2C3D4E5F6000000000015 /* Release */ = {
			isa = XCBuildConfiguration;
			buildSettings = {
				ASSETCATALOG_COMPILER_APPICON_NAME = AppIcon;
				ASSETCATALOG_COMPILER_GLOBAL_ACCENT_COLOR_NAME = AccentColor;
				CODE_SIGN_ENTITLEMENTS = NexGenSpec/NexGenSpec.entitlements;
				CODE_SIGN_STYLE = Automatic;
				CURRENT_PROJECT_VERSION = 3;
				DEVELOPMENT_ASSET_PATHS = "";
				ENABLE_PREVIEWS = YES;
				GENERATE_INFOPLIST_FILE = YES;
				INFOPLIST_FILE = NexGenSpec/Info.plist;
				INFOPLIST_KEY_CFBundleDisplayName = NexGenSpec;
				INFOPLIST_KEY_CFBundleIconName = AppIcon;
				INFOPLIST_KEY_NSCameraUsageDescription = "NexGenSpec uses the camera to capture inspection photos and to scan rooms with LiDAR.";
				INFOPLIST_KEY_NSMicrophoneUsageDescription = "NexGenSpec uses the microphone for hands-free voice commands and inspection note dictation.";
				INFOPLIST_KEY_NSPhotoLibraryUsageDescription = "NexGenSpec needs access to your photo library to attach photos to inspection items.";
				INFOPLIST_KEY_NSSpeechRecognitionUsageDescription = "NexGenSpec uses speech recognition for hands-free voice commands and inspection note dictation.";
				INFOPLIST_KEY_UIApplicationSceneManifest_Generation = YES;
				INFOPLIST_KEY_UIApplicationSupportsIndirectInputEvents = YES;
				INFOPLIST_KEY_UISupportedInterfaceOrientations_iPad = "UIInterfaceOrientationPortrait UIInterfaceOrientationPortraitUpsideDown UIInterfaceOrientationLandscapeLeft UIInterfaceOrientationLandscapeRight";
				INFOPLIST_KEY_UISupportedInterfaceOrientations_iPhone = "UIInterfaceOrientationPortrait UIInterfaceOrientationLandscapeLeft UIInterfaceOrientationLandscapeRight";
				IPHONEOS_DEPLOYMENT_TARGET = 17.0;
				LD_RUNPATH_SEARCH_PATHS = (
					"$(inherited)",
					"@executable_path/Frameworks",
				);
				MARKETING_VERSION = 1.0.0;
				PRODUCT_BUNDLE_IDENTIFIER = com.nexgenspec.app;
				PRODUCT_NAME = "$(TARGET_NAME)";
				SWIFT_EMIT_LOC_STRINGS = YES;
				SWIFT_VERSION = 5.0;
				TARGETED_DEVICE_FAMILY = "1,2";
			};
			name = Release;
		};
		T1B2C3D4E5F6000000000014 /* Debug */ = {
			isa = XCBuildConfiguration;
			buildSettings = {
				BUNDLE_LOADER = "$(TEST_HOST)";
				CODE_SIGN_STYLE = Automatic;
				CURRENT_PROJECT_VERSION = 3;
				GENERATE_INFOPLIST_FILE = YES;
				IPHONEOS_DEPLOYMENT_TARGET = 17.0;
				MARKETING_VERSION = 1.0.0;
				PRODUCT_BUNDLE_IDENTIFIER = com.nexgenspec.app.NexGenSpecTests;
				PRODUCT_NAME = "$(TARGET_NAME)";
				SWIFT_EMIT_LOC_STRINGS = NO;
				SWIFT_VERSION = 5.0;
				TARGETED_DEVICE_FAMILY = "1,2";
				TEST_HOST = "$(BUILT_PRODUCTS_DIR)/NexGenSpec.app/$(BUNDLE_EXECUTABLE_FOLDER_PATH)/NexGenSpec";
			};
			name = Debug;
		};
		T1B2C3D4E5F6000000000015 /* Release */ = {
			isa = XCBuildConfiguration;
			buildSettings = {
				BUNDLE_LOADER = "$(TEST_HOST)";
				CODE_SIGN_STYLE = Automatic;
				CURRENT_PROJECT_VERSION = 3;
				GENERATE_INFOPLIST_FILE = YES;
				IPHONEOS_DEPLOYMENT_TARGET = 17.0;
				MARKETING_VERSION = 1.0.0;
				PRODUCT_BUNDLE_IDENTIFIER = com.nexgenspec.app.NexGenSpecTests;
				PRODUCT_NAME = "$(TARGET_NAME)";
				SWIFT_EMIT_LOC_STRINGS = NO;
				SWIFT_VERSION = 5.0;
				TARGETED_DEVICE_FAMILY = "1,2";
				TEST_HOST = "$(BUILT_PRODUCTS_DIR)/NexGenSpec.app/$(BUNDLE_EXECUTABLE_FOLDER_PATH)/NexGenSpec";
			};
			name = Release;
		};
/* End XCBuildConfiguration section */

/* Begin XCConfigurationList section */
		A1B2C3D4E5F6000000000007 /* Build configuration list for PBXNativeTarget "NexGenSpec" */ = {
			isa = XCConfigurationList;
			buildConfigurations = (
				A1B2C3D4E5F6000000000014 /* Debug */,
				A1B2C3D4E5F6000000000015 /* Release */,
			);
			defaultConfigurationIsVisible = 0;
			defaultConfigurationName = Release;
		};
		A1B2C3D4E5F6000000000011 /* Build configuration list for PBXProject "NexGenSpec" */ = {
			isa = XCConfigurationList;
			buildConfigurations = (
				A1B2C3D4E5F6000000000012 /* Debug */,
				A1B2C3D4E5F6000000000013 /* Release */,
			);
			defaultConfigurationIsVisible = 0;
			defaultConfigurationName = Release;
		};
		T1B2C3D4E5F6000000000007 /* Build configuration list for PBXNativeTarget "NexGenSpecTests" */ = {
			isa = XCConfigurationList;
			buildConfigurations = (
				T1B2C3D4E5F6000000000014 /* Debug */,
				T1B2C3D4E5F6000000000015 /* Release */,
			);
			defaultConfigurationIsVisible = 0;
			defaultConfigurationName = Release;
		};
/* End XCConfigurationList section */

/* Begin XCRemoteSwiftPackageReference section */
		EBB43AFA2F86138700BE850A /* XCRemoteSwiftPackageReference "firebase-ios-sdk" */ = {
			isa = XCRemoteSwiftPackageReference;
			repositoryURL = "https://github.com/firebase/firebase-ios-sdk";
			requirement = {
				kind = upToNextMajorVersion;
				minimumVersion = 12.12.0;
			};
		};
/* End XCRemoteSwiftPackageReference section */

/* Begin XCSwiftPackageProductDependency section */
		EBB43AFB2F86138700BE850A /* FirebaseAuth */ = {
			isa = XCSwiftPackageProductDependency;
			package = EBB43AFA2F86138700BE850A /* XCRemoteSwiftPackageReference "firebase-ios-sdk" */;
			productName = FirebaseAuth;
		};
		EBB43AFD2F86138700BE850A /* FirebaseCore */ = {
			isa = XCSwiftPackageProductDependency;
			package = EBB43AFA2F86138700BE850A /* XCRemoteSwiftPackageReference "firebase-ios-sdk" */;
			productName = FirebaseCore;
		};
		EBB43AFF2F86138700BE850A /* FirebaseCrashlytics */ = {
			isa = XCSwiftPackageProductDependency;
			package = EBB43AFA2F86138700BE850A /* XCRemoteSwiftPackageReference "firebase-ios-sdk" */;
			productName = FirebaseCrashlytics;
		};
/* End XCSwiftPackageProductDependency section */
	};
	rootObject = A1B2C3D4E5F6000000000010 /* Project object */;
}
